
Microsoft Visual Studio Solution File, Format Version 12.00
# Visual Studio 15
VisualStudioVersion = 15.0.28010.2036
MinimumVisualStudioVersion = 10.0.40219.1
Project("{FAE04EC0-301F-11D3-BF4B-00C04F79EFBC}") = "agentBot", "agentBot.csproj", "{5C7AFECC-36F4-4072-A03C-3F5A4BCEDB2E}"
EndProject
Global
	GlobalSection(SolutionConfigurationPlatforms) = preSolution
		Debug|Any CPU = Debug|Any CPU
		Release|Any CPU = Release|Any CPU
	EndGlobalSection
	GlobalSection(ProjectConfigurationPlatforms) = postSolution
		{5C7AFECC-36F4-4072-A03C-3F5A4BCEDB2E}.Debug|Any CPU.ActiveCfg = Debug|Any CPU
		{5C7AFECC-36F4-4072-A03C-3F5A4BCEDB2E}.Debug|Any CPU.Build.0 = Debug|Any CPU
		{5C7AFECC-36F4-4072-A03C-3F5A4BCEDB2E}.Release|Any CPU.ActiveCfg = Release|Any CPU
		{5C7AFECC-36F4-4072-A03C-3F5A4BCEDB2E}.Release|Any CPU.Build.0 = Release|Any CPU
	EndGlobalSection
	GlobalSection(SolutionProperties) = preSolution
		HideSolutionNode = FALSE
	EndGlobalSection
	GlobalSection(ExtensibilityGlobals) = postSolution
		SolutionGuid = {43F00FBF-6464-4CAE-85A8-EB182524D664}
	EndGlobalSection
EndGlobal
